// !$*UTF8*$!
{
	archiveVersion = 1;
	classes = {
	};
	objectVersion = 46;
	objects = {

/* Begin PBXBuildFile section */
		193B6D091D4D7D4300B49FAF /* AppDelegate.swift in Sources */ = {isa = PBXBuildFile; fileRef = 193B6D081D4D7D4300B49FAF /* AppDelegate.swift */; };
		193B6D0E1D4D7D4300B49FAF /* Main.storyboard in Resources */ = {isa = PBXBuildFile; fileRef = 193B6D0C1D4D7D4300B49FAF /* Main.storyboard */; };
		193B6D101D4D7D4300B49FAF /* Assets.xcassets in Resources */ = {isa = PBXBuildFile; fileRef = 193B6D0F1D4D7D4300B49FAF /* Assets.xcassets */; };
		193B6D131D4D7D4300B49FAF /* LaunchScreen.storyboard in Resources */ = {isa = PBXBuildFile; fileRef = 193B6D111D4D7D4300B49FAF /* LaunchScreen.storyboard */; };
		193B6D1E1D4D7D4300B49FAF /* classQuestTests.swift in Sources */ = {isa = PBXBuildFile; fileRef = 193B6D1D1D4D7D4300B49FAF /* classQuestTests.swift */; };
		193B6D291D4D7D4300B49FAF /* classQuestUITests.swift in Sources */ = {isa = PBXBuildFile; fileRef = 193B6D281D4D7D4300B49FAF /* classQuestUITests.swift */; };
		193B6D371D4D7DF300B49FAF /* SearchPage.swift in Sources */ = {isa = PBXBuildFile; fileRef = 193B6D361D4D7DF300B49FAF /* SearchPage.swift */; };
		193B6D391D4D7DFC00B49FAF /* MapPage.swift in Sources */ = {isa = PBXBuildFile; fileRef = 193B6D381D4D7DFC00B49FAF /* MapPage.swift */; };
		193B6D3B1D4D7E0100B49FAF /* Map.swift in Sources */ = {isa = PBXBuildFile; fileRef = 193B6D3A1D4D7E0100B49FAF /* Map.swift */; };
		7932924240986C9FD668D656 /* Pods_classQuest.framework in Frameworks */ = {isa = PBXBuildFile; fileRef = 2B5BC9F64DA4C6D7E5335B80 /* Pods_classQuest.framework */; };
		7F427A1B2B766F5C4ED997D1 /* Pods_classQuestUITests.framework in Frameworks */ = {isa = PBXBuildFile; fileRef = 0C2080BE657A996573DAE276 /* Pods_classQuestUITests.framework */; };
		EFEFDE3F97163A221D8FF7FF /* Pods_classQuestTests.framework in Frameworks */ = {isa = PBXBuildFile; fileRef = 6218B5C13581B45AFD612244 /* Pods_classQuestTests.framework */; };
/* End PBXBuildFile section */

/* Begin PBXContainerItemProxy section */
		193B6D1A1D4D7D4300B49FAF /* PBXContainerItemProxy */ = {
			isa = PBXContainerItemProxy;
			containerPortal = 193B6CFD1D4D7D4300B49FAF /* Project object */;
			proxyType = 1;
			remoteGlobalIDString = 193B6D041D4D7D4300B49FAF;
			remoteInfo = classQuest;
		};
		193B6D251D4D7D4300B49FAF /* PBXContainerItemProxy */ = {
			isa = PBXContainerItemProxy;
			containerPortal = 193B6CFD1D4D7D4300B49FAF /* Project object */;
			proxyType = 1;
			remoteGlobalIDString = 193B6D041D4D7D4300B49FAF;
			remoteInfo = classQuest;
		};
/* End PBXContainerItemProxy section */

/* Begin PBXFileReference section */
		0C2080BE657A996573DAE276 /* Pods_classQuestUITests.framework */ = {isa = PBXFileReference; explicitFileType = wrapper.framework; includeInIndex = 0; path = Pods_classQuestUITests.framework; sourceTree = BUILT_PRODUCTS_DIR; };
		193B6D051D4D7D4300B49FAF /* classQuest.app */ = {isa = PBXFileReference; explicitFileType = wrapper.application; includeInIndex = 0; path = classQuest.app; sourceTree = BUILT_PRODUCTS_DIR; };
		193B6D081D4D7D4300B49FAF /* AppDelegate.swift */ = {isa = PBXFileReference; lastKnownFileType = sourcecode.swift; path = AppDelegate.swift; sourceTree = "<group>"; };
		193B6D0D1D4D7D4300B49FAF /* Base */ = {isa = PBXFileReference; lastKnownFileType = file.storyboard; name = Base; path = Base.lproj/Main.storyboard; sourceTree = "<group>"; };
		193B6D0F1D4D7D4300B49FAF /* Assets.xcassets */ = {isa = PBXFileReference; lastKnownFileType = folder.assetcatalog; path = Assets.xcassets; sourceTree = "<group>"; };
		193B6D121D4D7D4300B49FAF /* Base */ = {isa = PBXFileReference; lastKnownFileType = file.storyboard; name = Base; path = Base.lproj/LaunchScreen.storyboard; sourceTree = "<group>"; };
		193B6D141D4D7D4300B49FAF /* Info.plist */ = {isa = PBXFileReference; lastKnownFileType = text.plist.xml; path = Info.plist; sourceTree = "<group>"; };
		193B6D191D4D7D4300B49FAF /* classQuestTests.xctest */ = {isa = PBXFileReference; explicitFileType = wrapper.cfbundle; includeInIndex = 0; path = classQuestTests.xctest; sourceTree = BUILT_PRODUCTS_DIR; };
		193B6D1D1D4D7D4300B49FAF /* classQuestTests.swift */ = {isa = PBXFileReference; lastKnownFileType = sourcecode.swift; path = classQuestTests.swift; sourceTree = "<group>"; };
		193B6D1F1D4D7D4300B49FAF /* Info.plist */ = {isa = PBXFileReference; lastKnownFileType = text.plist.xml; path = Info.plist; sourceTree = "<group>"; };
		193B6D241D4D7D4300B49FAF /* classQuestUITests.xctest */ = {isa = PBXFileReference; explicitFileType = wrapper.cfbundle; includeInIndex = 0; path = classQuestUITests.xctest; sourceTree = BUILT_PRODUCTS_DIR; };
		193B6D281D4D7D4300B49FAF /* classQuestUITests.swift */ = {isa = PBXFileReference; lastKnownFileType = sourcecode.swift; path = classQuestUITests.swift; sourceTree = "<group>"; };
		193B6D2A1D4D7D4300B49FAF /* Info.plist */ = {isa = PBXFileReference; lastKnownFileType = text.plist.xml; path = Info.plist; sourceTree = "<group>"; };
		193B6D361D4D7DF300B49FAF /* SearchPage.swift */ = {isa = PBXFileReference; fileEncoding = 4; lastKnownFileType = sourcecode.swift; path = SearchPage.swift; sourceTree = "<group>"; };
		193B6D381D4D7DFC00B49FAF /* MapPage.swift */ = {isa = PBXFileReference; fileEncoding = 4; lastKnownFileType = sourcecode.swift; path = MapPage.swift; sourceTree = "<group>"; };
		193B6D3A1D4D7E0100B49FAF /* Map.swift */ = {isa = PBXFileReference; fileEncoding = 4; lastKnownFileType = sourcecode.swift; path = Map.swift; sourceTree = "<group>"; };
		2B5BC9F64DA4C6D7E5335B80 /* Pods_classQuest.framework */ = {isa = PBXFileReference; explicitFileType = wrapper.framework; includeInIndex = 0; path = Pods_classQuest.framework; sourceTree = BUILT_PRODUCTS_DIR; };
		36F0583DF8ACB4C191C74D18 /* Pods-classQuest.release.xcconfig */ = {isa = PBXFileReference; includeInIndex = 1; lastKnownFileType = text.xcconfig; name = "Pods-classQuest.release.xcconfig"; path = "Pods/Target Support Files/Pods-classQuest/Pods-classQuest.release.xcconfig"; sourceTree = "<group>"; };
		4E6AEA9691F5C83EC6DC03BD /* Pods-classQuestTests.debug.xcconfig */ = {isa = PBXFileReference; includeInIndex = 1; lastKnownFileType = text.xcconfig; name = "Pods-classQuestTests.debug.xcconfig"; path = "Pods/Target Support Files/Pods-classQuestTests/Pods-classQuestTests.debug.xcconfig"; sourceTree = "<group>"; };
		6218B5C13581B45AFD612244 /* Pods_classQuestTests.framework */ = {isa = PBXFileReference; explicitFileType = wrapper.framework; includeInIndex = 0; path = Pods_classQuestTests.framework; sourceTree = BUILT_PRODUCTS_DIR; };
		9FD86803EDE8062AE22613D1 /* Pods-classQuestTests.release.xcconfig */ = {isa = PBXFileReference; includeInIndex = 1; lastKnownFileType = text.xcconfig; name = "Pods-classQuestTests.release.xcconfig"; path = "Pods/Target Support Files/Pods-classQuestTests/Pods-classQuestTests.release.xcconfig"; sourceTree = "<group>"; };
		E4A187D64134551FDE169472 /* Pods-classQuestUITests.release.xcconfig */ = {isa = PBXFileReference; includeInIndex = 1; lastKnownFileType = text.xcconfig; name = "Pods-classQuestUITests.release.xcconfig"; path = "Pods/Target Support Files/Pods-classQuestUITests/Pods-classQuestUITests.release.xcconfig"; sourceTree = "<group>"; };
		F529128D63C83A87E7F41050 /* Pods-classQuestUITests.debug.xcconfig */ = {isa = PBXFileReference; includeInIndex = 1; lastKnownFileType = text.xcconfig; name = "Pods-classQuestUITests.debug.xcconfig"; path = "Pods/Target Support Files/Pods-classQuestUITests/Pods-classQuestUITests.debug.xcconfig"; sourceTree = "<group>"; };
		FFCEF0A2622D0BF4F569A5C1 /* Pods-classQuest.debug.xcconfig */ = {isa = PBXFileReference; includeInIndex = 1; lastKnownFileType = text.xcconfig; name = "Pods-classQuest.debug.xcconfig"; path = "Pods/Target Support Files/Pods-classQuest/Pods-classQuest.debug.xcconfig"; sourceTree = "<group>"; };
/* End PBXFileReference section */

/* Begin PBXFrameworksBuildPhase section */
		193B6D021D4D7D4300B49FAF /* Frameworks */ = {
			isa = PBXFrameworksBuildPhase;
			buildActionMask = 2147483647;
			files = (
				7932924240986C9FD668D656 /* Pods_classQuest.framework in Frameworks */,
			);
			runOnlyForDeploymentPostprocessing = 0;
		};
		193B6D161D4D7D4300B49FAF /* Frameworks */ = {
			isa = PBXFrameworksBuildPhase;
			buildActionMask = 2147483647;
			files = (
				EFEFDE3F97163A221D8FF7FF /* Pods_classQuestTests.framework in Frameworks */,
			);
			runOnlyForDeploymentPostprocessing = 0;
		};
		193B6D211D4D7D4300B49FAF /* Frameworks */ = {
			isa = PBXFrameworksBuildPhase;
			buildActionMask = 2147483647;
			files = (
				7F427A1B2B766F5C4ED997D1 /* Pods_classQuestUITests.framework in Frameworks */,
			);
			runOnlyForDeploymentPostprocessing = 0;
		};
/* End PBXFrameworksBuildPhase section */

/* Begin PBXGroup section */
		193B6CFC1D4D7D4300B49FAF = {
			isa = PBXGroup;
			children = (
				193B6D071D4D7D4300B49FAF /* classQuest */,
				193B6D1C1D4D7D4300B49FAF /* classQuestTests */,
				193B6D271D4D7D4300B49FAF /* classQuestUITests */,
				193B6D061D4D7D4300B49FAF /* Products */,
				40974B599F71419E889CF20D /* Pods */,
				68D3906E685E17DD5B504C39 /* Frameworks */,
			);
			sourceTree = "<group>";
		};
		193B6D061D4D7D4300B49FAF /* Products */ = {
			isa = PBXGroup;
			children = (
				193B6D051D4D7D4300B49FAF /* classQuest.app */,
				193B6D191D4D7D4300B49FAF /* classQuestTests.xctest */,
				193B6D241D4D7D4300B49FAF /* classQuestUITests.xctest */,
			);
			name = Products;
			sourceTree = "<group>";
		};
		193B6D071D4D7D4300B49FAF /* classQuest */ = {
			isa = PBXGroup;
			children = (
				193B6D081D4D7D4300B49FAF /* AppDelegate.swift */,
				193B6D361D4D7DF300B49FAF /* SearchPage.swift */,
				193B6D381D4D7DFC00B49FAF /* MapPage.swift */,
				193B6D3A1D4D7E0100B49FAF /* Map.swift */,
				193B6D0C1D4D7D4300B49FAF /* Main.storyboard */,
				193B6D0F1D4D7D4300B49FAF /* Assets.xcassets */,
				193B6D111D4D7D4300B49FAF /* LaunchScreen.storyboard */,
				193B6D141D4D7D4300B49FAF /* Info.plist */,
			);
			path = classQuest;
			sourceTree = "<group>";
		};
		193B6D1C1D4D7D4300B49FAF /* classQuestTests */ = {
			isa = PBXGroup;
			children = (
				193B6D1D1D4D7D4300B49FAF /* classQuestTests.swift */,
				193B6D1F1D4D7D4300B49FAF /* Info.plist */,
			);
			path = classQuestTests;
			sourceTree = "<group>";
		};
		193B6D271D4D7D4300B49FAF /* classQuestUITests */ = {
			isa = PBXGroup;
			children = (
				193B6D281D4D7D4300B49FAF /* classQuestUITests.swift */,
				193B6D2A1D4D7D4300B49FAF /* Info.plist */,
			);
			path = classQuestUITests;
			sourceTree = "<group>";
		};
		40974B599F71419E889CF20D /* Pods */ = {
			isa = PBXGroup;
			children = (
				FFCEF0A2622D0BF4F569A5C1 /* Pods-classQuest.debug.xcconfig */,
				36F0583DF8ACB4C191C74D18 /* Pods-classQuest.release.xcconfig */,
				4E6AEA9691F5C83EC6DC03BD /* Pods-classQuestTests.debug.xcconfig */,
				9FD86803EDE8062AE22613D1 /* Pods-classQuestTests.release.xcconfig */,
				F529128D63C83A87E7F41050 /* Pods-classQuestUITests.debug.xcconfig */,
				E4A187D64134551FDE169472 /* Pods-classQuestUITests.release.xcconfig */,
			);
			name = Pods;
			sourceTree = "<group>";
		};
		68D3906E685E17DD5B504C39 /* Frameworks */ = {
			isa = PBXGroup;
			children = (
				2B5BC9F64DA4C6D7E5335B80 /* Pods_classQuest.framework */,
				6218B5C13581B45AFD612244 /* Pods_classQuestTests.framework */,
				0C2080BE657A996573DAE276 /* Pods_classQuestUITests.framework */,
			);
			name = Frameworks;
			sourceTree = "<group>";
		};
/* End PBXGroup section */

/* Begin PBXNativeTarget section */
		193B6D041D4D7D4300B49FAF /* classQuest */ = {
			isa = PBXNativeTarget;
			buildConfigurationList = 193B6D2D1D4D7D4300B49FAF /* Build configuration list for PBXNativeTarget "classQuest" */;
			buildPhases = (
				58C697AA7BC3448E569A6110 /* [CP] Check Pods Manifest.lock */,
				193B6D011D4D7D4300B49FAF /* Sources */,
				193B6D021D4D7D4300B49FAF /* Frameworks */,
				193B6D031D4D7D4300B49FAF /* Resources */,
				44725DDCF7423FED85C7145A /* [CP] Embed Pods Frameworks */,
				101350039C2F0412208BFF9B /* [CP] Copy Pods Resources */,
			);
			buildRules = (
			);
			dependencies = (
			);
			name = classQuest;
			productName = classQuest;
			productReference = 193B6D051D4D7D4300B49FAF /* classQuest.app */;
			productType = "com.apple.product-type.application";
		};
		193B6D181D4D7D4300B49FAF /* classQuestTests */ = {
			isa = PBXNativeTarget;
			buildConfigurationList = 193B6D301D4D7D4300B49FAF /* Build configuration list for PBXNativeTarget "classQuestTests" */;
			buildPhases = (
				D7CF7FFF4868EA49EEC8055C /* [CP] Check Pods Manifest.lock */,
				193B6D151D4D7D4300B49FAF /* Sources */,
				193B6D161D4D7D4300B49FAF /* Frameworks */,
				193B6D171D4D7D4300B49FAF /* Resources */,
				AC9BE2BBE732737FD6E0EABF /* [CP] Embed Pods Frameworks */,
				8F29C0F143E02F7FE6BED159 /* [CP] Copy Pods Resources */,
			);
			buildRules = (
			);
			dependencies = (
				193B6D1B1D4D7D4300B49FAF /* PBXTargetDependency */,
			);
			name = classQuestTests;
			productName = classQuestTests;
			productReference = 193B6D191D4D7D4300B49FAF /* classQuestTests.xctest */;
			productType = "com.apple.product-type.bundle.unit-test";
		};
		193B6D231D4D7D4300B49FAF /* classQuestUITests */ = {
			isa = PBXNativeTarget;
			buildConfigurationList = 193B6D331D4D7D4300B49FAF /* Build configuration list for PBXNativeTarget "classQuestUITests" */;
			buildPhases = (
				BC3002613C70D4A0E09D885F /* [CP] Check Pods Manifest.lock */,
				193B6D201D4D7D4300B49FAF /* Sources */,
				193B6D211D4D7D4300B49FAF /* Frameworks */,
				193B6D221D4D7D4300B49FAF /* Resources */,
				5E59275412CCE361F253FF35 /* [CP] Copy Pods Resources */,
			);
			buildRules = (
			);
			dependencies = (
				193B6D261D4D7D4300B49FAF /* PBXTargetDependency */,
			);
			name = classQuestUITests;
			productName = classQuestUITests;
			productReference = 193B6D241D4D7D4300B49FAF /* classQuestUITests.xctest */;
			productType = "com.apple.product-type.bundle.ui-testing";
		};
/* End PBXNativeTarget section */

/* Begin PBXProject section */
		193B6CFD1D4D7D4300B49FAF /* Project object */ = {
			isa = PBXProject;
			attributes = {
				LastSwiftUpdateCheck = 0730;
				LastUpgradeCheck = 0730;
				ORGANIZATIONNAME = "Zena Potts";
				TargetAttributes = {
					193B6D041D4D7D4300B49FAF = {
						CreatedOnToolsVersion = 7.3.1;
					};
					193B6D181D4D7D4300B49FAF = {
						CreatedOnToolsVersion = 7.3.1;
						TestTargetID = 193B6D041D4D7D4300B49FAF;
					};
					193B6D231D4D7D4300B49FAF = {
						CreatedOnToolsVersion = 7.3.1;
						TestTargetID = 193B6D041D4D7D4300B49FAF;
					};
				};
			};
			buildConfigurationList = 193B6D001D4D7D4300B49FAF /* Build configuration list for PBXProject "classQuest" */;
			compatibilityVersion = "Xcode 3.2";
			developmentRegion = English;
			hasScannedForEncodings = 0;
			knownRegions = (
				en,
				Base,
			);
			mainGroup = 193B6CFC1D4D7D4300B49FAF;
			productRefGroup = 193B6D061D4D7D4300B49FAF /* Products */;
			projectDirPath = "";
			projectRoot = "";
			targets = (
				193B6D041D4D7D4300B49FAF /* classQuest */,
				193B6D181D4D7D4300B49FAF /* classQuestTests */,
				193B6D231D4D7D4300B49FAF /* classQuestUITests */,
			);
		};
/* End PBXProject section */

/* Begin PBXResourcesBuildPhase section */
		193B6D031D4D7D4300B49FAF /* Resources */ = {
			isa = PBXResourcesBuildPhase;
			buildActionMask = 2147483647;
			files = (
				193B6D131D4D7D4300B49FAF /* LaunchScreen.storyboard in Resources */,
				193B6D101D4D7D4300B49FAF /* Assets.xcassets in Resources */,
				193B6D0E1D4D7D4300B49FAF /* Main.storyboard in Resources */,
			);
			runOnlyForDeploymentPostprocessing = 0;
		};
		193B6D171D4D7D4300B49FAF /* Resources */ = {
			isa = PBXResourcesBuildPhase;
			buildActionMask = 2147483647;
			files = (
			);
			runOnlyForDeploymentPostprocessing = 0;
		};
		193B6D221D4D7D4300B49FAF /* Resources */ = {
			isa = PBXResourcesBuildPhase;
			buildActionMask = 2147483647;
			files = (
			);
			runOnlyForDeploymentPostprocessing = 0;
		};
/* End PBXResourcesBuildPhase section */

/* Begin PBXShellScriptBuildPhase section */
		101350039C2F0412208BFF9B /* [CP] Copy Pods Resources */ = {
			isa = PBXShellScriptBuildPhase;
			buildActionMask = 2147483647;
			files = (
			);
			inputPaths = (
			);
			name = "[CP] Copy Pods Resources";
			outputPaths = (
			);
			runOnlyForDeploymentPostprocessing = 0;
			shellPath = /bin/sh;
			shellScript = "\"${SRCROOT}/Pods/Target Support Files/Pods-classQuest/Pods-classQuest-resources.sh\"\n";
			showEnvVarsInLog = 0;
		};
		44725DDCF7423FED85C7145A /* [CP] Embed Pods Frameworks */ = {
			isa = PBXShellScriptBuildPhase;
			buildActionMask = 2147483647;
			files = (
			);
			inputPaths = (
			);
			name = "[CP] Embed Pods Frameworks";
			outputPaths = (
			);
			runOnlyForDeploymentPostprocessing = 0;
			shellPath = /bin/sh;
			shellScript = "\"${SRCROOT}/Pods/Target Support Files/Pods-classQuest/Pods-classQuest-frameworks.sh\"\n";
			showEnvVarsInLog = 0;
		};
		58C697AA7BC3448E569A6110 /* [CP] Check Pods Manifest.lock */ = {
			isa = PBXShellScriptBuildPhase;
			buildActionMask = 2147483647;
			files = (
			);
			inputPaths = (
			);
			name = "[CP] Check Pods Manifest.lock";
			outputPaths = (
			);
			runOnlyForDeploymentPostprocessing = 0;
			shellPath = /bin/sh;
			shellScript = "diff \"${PODS_ROOT}/../Podfile.lock\" \"${PODS_ROOT}/Manifest.lock\" > /dev/null\nif [[ $? != 0 ]] ; then\n    cat << EOM\nerror: The sandbox is not in sync with the Podfile.lock. Run 'pod install' or update your CocoaPods installation.\nEOM\n    exit 1\nfi\n";
			showEnvVarsInLog = 0;
		};
		5E59275412CCE361F253FF35 /* [CP] Copy Pods Resources */ = {
			isa = PBXShellScriptBuildPhase;
			buildActionMask = 2147483647;
			files = (
			);
			inputPaths = (
			);
			name = "[CP] Copy Pods Resources";
			outputPaths = (
			);
			runOnlyForDeploymentPostprocessing = 0;
			shellPath = /bin/sh;
			shellScript = "\"${SRCROOT}/Pods/Target Support Files/Pods-classQuestUITests/Pods-classQuestUITests-resources.sh\"\n";
			showEnvVarsInLog = 0;
		};
		8F29C0F143E02F7FE6BED159 /* [CP] Copy Pods Resources */ = {
			isa = PBXShellScriptBuildPhase;
			buildActionMask = 2147483647;
			files = (
			);
			inputPaths = (
			);
			name = "[CP] Copy Pods Resources";
			outputPaths = (
			);
			runOnlyForDeploymentPostprocessing = 0;
			shellPath = /bin/sh;
			shellScript = "\"${SRCROOT}/Pods/Target Support Files/Pods-classQuestTests/Pods-classQuestTests-resources.sh\"\n";
			showEnvVarsInLog = 0;
		};
		AC9BE2BBE732737FD6E0EABF /* [CP] Embed Pods Frameworks */ = {
			isa = PBXShellScriptBuildPhase;
			buildActionMask = 2147483647;
			files = (
			);
			inputPaths = (
			);
			name = "[CP] Embed Pods Frameworks";
			outputPaths = (
			);
			runOnlyForDeploymentPostprocessing = 0;
			shellPath = /bin/sh;
			shellScript = "\"${SRCROOT}/Pods/Target Support Files/Pods-classQuestTests/Pods-classQuestTests-frameworks.sh\"\n";
			showEnvVarsInLog = 0;
		};
		BC3002613C70D4A0E09D885F /* [CP] Check Pods Manifest.lock */ = {
			isa = PBXShellScriptBuildPhase;
			buildActionMask = 2147483647;
			files = (
			);
			inputPaths = (
			);
			name = "[CP] Check Pods Manifest.lock";
			outputPaths = (
			);
			runOnlyForDeploymentPostprocessing = 0;
			shellPath = /bin/sh;
			shellScript = "diff \"${PODS_ROOT}/../Podfile.lock\" \"${PODS_ROOT}/Manifest.lock\" > /dev/null\nif [[ $? != 0 ]] ; then\n    cat << EOM\nerror: The sandbox is not in sync with the Podfile.lock. Run 'pod install' or update your CocoaPods installation.\nEOM\n    exit 1\nfi\n";
			showEnvVarsInLog = 0;
		};
		D7CF7FFF4868EA49EEC8055C /* [CP] Check Pods Manifest.lock */ = {
			isa = PBXShellScriptBuildPhase;
			buildActionMask = 2147483647;
			files = (
			);
			inputPaths = (
			);
			name = "[CP] Check Pods Manifest.lock";
			outputPaths = (
			);
			runOnlyForDeploymentPostprocessing = 0;
			shellPath = /bin/sh;
			shellScript = "diff \"${PODS_ROOT}/../Podfile.lock\" \"${PODS_ROOT}/Manifest.lock\" > /dev/null\nif [[ $? != 0 ]] ; then\n    cat << EOM\nerror: The sandbox is not in sync with the Podfile.lock. Run 'pod install' or update your CocoaPods installation.\nEOM\n    exit 1\nfi\n";
			showEnvVarsInLog = 0;
		};
/* End PBXShellScriptBuildPhase section */

/* Begin PBXSourcesBuildPhase section */
		193B6D011D4D7D4300B49FAF /* Sources */ = {
			isa = PBXSourcesBuildPhase;
			buildActionMask = 2147483647;
			files = (
				193B6D391D4D7DFC00B49FAF /* MapPage.swift in Sources */,
				193B6D371D4D7DF300B49FAF /* SearchPage.swift in Sources */,
				193B6D3B1D4D7E0100B49FAF /* Map.swift in Sources */,
				193B6D091D4D7D4300B49FAF /* AppDelegate.swift in Sources */,
			);
			runOnlyForDeploymentPostprocessing = 0;
		};
		193B6D151D4D7D4300B49FAF /* Sources */ = {
			isa = PBXSourcesBuildPhase;
			buildActionMask = 2147483647;
			files = (
				193B6D1E1D4D7D4300B49FAF /* classQuestTests.swift in Sources */,
			);
			runOnlyForDeploymentPostprocessing = 0;
		};
		193B6D201D4D7D4300B49FAF /* Sources */ = {
			isa = PBXSourcesBuildPhase;
			buildActionMask = 2147483647;
			files = (
				193B6D291D4D7D4300B49FAF /* classQuestUITests.swift in Sources */,
			);
			runOnlyForDeploymentPostprocessing = 0;
		};
/* End PBXSourcesBuildPhase section */

/* Begin PBXTargetDependency section */
		193B6D1B1D4D7D4300B49FAF /* PBXTargetDependency */ = {
			isa = PBXTargetDependency;
			target = 193B6D041D4D7D4300B49FAF /* classQuest */;
			targetProxy = 193B6D1A1D4D7D4300B49FAF /* PBXContainerItemProxy */;
		};
		193B6D261D4D7D4300B49FAF /* PBXTargetDependency */ = {
			isa = PBXTargetDependency;
			target = 193B6D041D4D7D4300B49FAF /* classQuest */;
			targetProxy = 193B6D251D4D7D4300B49FAF /* PBXContainerItemProxy */;
		};
/* End PBXTargetDependency section */

/* Begin PBXVariantGroup section */
		193B6D0C1D4D7D4300B49FAF /* Main.storyboard */ = {
			isa = PBXVariantGroup;
			children = (
				193B6D0D1D4D7D4300B49FAF /* Base */,
			);
			name = Main.storyboard;
			sourceTree = "<group>";
		};
		193B6D111D4D7D4300B49FAF /* LaunchScreen.storyboard */ = {
			isa = PBXVariantGroup;
			children = (
				193B6D121D4D7D4300B49FAF /* Base */,
			);
			name = LaunchScreen.storyboard;
			sourceTree = "<group>";
		};
/* End PBXVariantGroup section */

/* Begin XCBuildConfiguration section */
		193B6D2B1D4D7D4300B49FAF /* Debug */ = {
			isa = XCBuildConfiguration;
			buildSettings = {
				ALWAYS_SEARCH_USER_PATHS = NO;
				CLANG_ANALYZER_NONNULL = YES;
				CLANG_CXX_LANGUAGE_STANDARD = "gnu++0x";
				CLANG_CXX_LIBRARY = "libc++";
				CLANG_ENABLE_MODULES = YES;
				CLANG_ENABLE_OBJC_ARC = YES;
				CLANG_WARN_BOOL_CONVERSION = YES;
				CLANG_WARN_CONSTANT_CONVERSION = YES;
				CLANG_WARN_DIRECT_OBJC_ISA_USAGE = YES_ERROR;
				CLANG_WARN_EMPTY_BODY = YES;
				CLANG_WARN_ENUM_CONVERSION = YES;
				CLANG_WARN_INT_CONVERSION = YES;
				CLANG_WARN_OBJC_ROOT_CLASS = YES_ERROR;
				CLANG_WARN_UNREACHABLE_CODE = YES;
				CLANG_WARN__DUPLICATE_METHOD_MATCH = YES;
				"CODE_SIGN_IDENTITY[sdk=iphoneos*]" = "iPhone Developer";
				COPY_PHASE_STRIP = NO;
				DEBUG_INFORMATION_FORMAT = dwarf;
				ENABLE_STRICT_OBJC_MSGSEND = YES;
				ENABLE_TESTABILITY = YES;
				GCC_C_LANGUAGE_STANDARD = gnu99;
				GCC_DYNAMIC_NO_PIC = NO;
				GCC_NO_COMMON_BLOCKS = YES;
				GCC_OPTIMIZATION_LEVEL = 0;
				GCC_PREPROCESSOR_DEFINITIONS = (
					"DEBUG=1",
					"$(inherited)",
				);
				GCC_WARN_64_TO_32_BIT_CONVERSION = YES;
				GCC_WARN_ABOUT_RETURN_TYPE = YES_ERROR;
				GCC_WARN_UNDECLARED_SELECTOR = YES;
				GCC_WARN_UNINITIALIZED_AUTOS = YES_AGGRESSIVE;
				GCC_WARN_UNUSED_FUNCTION = YES;
				GCC_WARN_UNUSED_VARIABLE = YES;
				IPHONEOS_DEPLOYMENT_TARGET = 9.3;
				MTL_ENABLE_DEBUG_INFO = YES;
				ONLY_ACTIVE_ARCH = YES;
				SDKROOT = iphoneos;
				SWIFT_OPTIMIZATION_LEVEL = "-Onone";
			};
			name = Debug;
		};
		193B6D2C1D4D7D4300B49FAF /* Release */ = {
			isa = XCBuildConfiguration;
			buildSettings = {
				ALWAYS_SEARCH_USER_PATHS = NO;
				CLANG_ANALYZER_NONNULL = YES;
				CLANG_CXX_LANGUAGE_STANDARD = "gnu++0x";
				CLANG_CXX_LIBRARY = "libc++";
				CLANG_ENABLE_MODULES = YES;
				CLANG_ENABLE_OBJC_ARC = YES;
				CLANG_WARN_BOOL_CONVERSION = YES;
				CLANG_WARN_CONSTANT_CONVERSION = YES;
				CLANG_WARN_DIRECT_OBJC_ISA_USAGE = YES_ERROR;
				CLANG_WARN_EMPTY_BODY = YES;
				CLANG_WARN_ENUM_CONVERSION = YES;
				CLANG_WARN_INT_CONVERSION = YES;
				CLANG_WARN_OBJC_ROOT_CLASS = YES_ERROR;
				CLANG_WARN_UNREACHABLE_CODE = YES;
				CLANG_WARN__DUPLICATE_METHOD_MATCH = YES;
				"CODE_SIGN_IDENTITY[sdk=iphoneos*]" = "iPhone Developer";
				COPY_PHASE_STRIP = NO;
				DEBUG_INFORMATION_FORMAT = "dwarf-with-dsym";
				ENABLE_NS_ASSERTIONS = NO;
				ENABLE_STRICT_OBJC_MSGSEND = YES;
				GCC_C_LANGUAGE_STANDARD = gnu99;
				GCC_NO_COMMON_BLOCKS = YES;
				GCC_WARN_64_TO_32_BIT_CONVERSION = YES;
				GCC_WARN_ABOUT_RETURN_TYPE = YES_ERROR;
				GCC_WARN_UNDECLARED_SELECTOR = YES;
				GCC_WARN_UNINITIALIZED_AUTOS = YES_AGGRESSIVE;
				GCC_WARN_UNUSED_FUNCTION = YES;
				GCC_WARN_UNUSED_VARIABLE = YES;
				IPHONEOS_DEPLOYMENT_TARGET = 9.3;
				MTL_ENABLE_DEBUG_INFO = NO;
				SDKROOT = iphoneos;
				VALIDATE_PRODUCT = YES;
			};
			name = Release;
		};
		193B6D2E1D4D7D4300B49FAF /* Debug */ = {
			isa = XCBuildConfiguration;
			baseConfigurationReference = FFCEF0A2622D0BF4F569A5C1 /* Pods-classQuest.debug.xcconfig */;
			buildSettings = {
				ASSETCATALOG_COMPILER_APPICON_NAME = AppIcon;
				INFOPLIST_FILE = classQuest/Info.plist;
				LD_RUNPATH_SEARCH_PATHS = "$(inherited) @executable_path/Frameworks";
				PRODUCT_BUNDLE_IDENTIFIER = com.ZenaPotts.classQuest;
				PRODUCT_NAME = "$(TARGET_NAME)";
			};
			name = Debug;
		};
		193B6D2F1D4D7D4300B49FAF /* Release */ = {
			isa = XCBuildConfiguration;
			baseConfigurationReference = 36F0583DF8ACB4C191C74D18 /* Pods-classQuest.release.xcconfig */;
			buildSettings = {
				ASSETCATALOG_COMPILER_APPICON_NAME = AppIcon;
				INFOPLIST_FILE = classQuest/Info.plist;
				LD_RUNPATH_SEARCH_PATHS = "$(inherited) @executable_path/Frameworks";
				PRODUCT_BUNDLE_IDENTIFIER = com.ZenaPotts.classQuest;
				PRODUCT_NAME = "$(TARGET_NAME)";
			};
			name = Release;
		};
		193B6D311D4D7D4300B49FAF /* Debug */ = {
			isa = XCBuildConfiguration;
			baseConfigurationReference = 4E6AEA9691F5C83EC6DC03BD /* Pods-classQuestTests.debug.xcconfig */;
			buildSettings = {
				BUNDLE_LOADER = "$(TEST_HOST)";
				INFOPLIST_FILE = classQuestTests/Info.plist;
				LD_RUNPATH_SEARCH_PATHS = "$(inherited) @executable_path/Frameworks @loader_path/Frameworks";
				PRODUCT_BUNDLE_IDENTIFIER = com.ZenaPotts.classQuestTests;
				PRODUCT_NAME = "$(TARGET_NAME)";
				TEST_HOST = "$(BUILT_PRODUCTS_DIR)/classQuest.app/classQuest";
			};
			name = Debug;
		};
		193B6D321D4D7D4300B49FAF /* Release */ = {
			isa = XCBuildConfiguration;
			baseConfigurationReference = 9FD86803EDE8062AE22613D1 /* Pods-classQuestTests.release.xcconfig */;
			buildSettings = {
				BUNDLE_LOADER = "$(TEST_HOST)";
				INFOPLIST_FILE = classQuestTests/Info.plist;
				LD_RUNPATH_SEARCH_PATHS = "$(inherited) @executable_path/Frameworks @loader_path/Frameworks";
				PRODUCT_BUNDLE_IDENTIFIER = com.ZenaPotts.classQuestTests;
				PRODUCT_NAME = "$(TARGET_NAME)";
				TEST_HOST = "$(BUILT_PRODUCTS_DIR)/classQuest.app/classQuest";
			};
			name = Release;
		};
		193B6D341D4D7D4300B49FAF /* Debug */ = {
			isa = XCBuildConfiguration;
			baseConfigurationReference = F529128D63C83A87E7F41050 /* Pods-classQuestUITests.debug.xcconfig */;
			buildSettings = {
				INFOPLIST_FILE = classQuestUITests/Info.plist;
				LD_RUNPATH_SEARCH_PATHS = "$(inherited) @executable_path/Frameworks @loader_path/Frameworks";
				PRODUCT_BUNDLE_IDENTIFIER = com.ZenaPotts.classQuestUITests;
				PRODUCT_NAME = "$(TARGET_NAME)";
				TEST_TARGET_NAME = classQuest;
			};
			name = Debug;
		};
		193B6D351D4D7D4300B49FAF /* Release */ = {
			isa = XCBuildConfiguration;
			baseConfigurationReference = E4A187D64134551FDE169472 /* Pods-classQuestUITests.release.xcconfig */;
			buildSettings = {
				INFOPLIST_FILE = classQuestUITests/Info.plist;
				LD_RUNPATH_SEARCH_PATHS = "$(inherited) @executable_path/Frameworks @loader_path/Frameworks";
				PRODUCT_BUNDLE_IDENTIFIER = com.ZenaPotts.classQuestUITests;
				PRODUCT_NAME = "$(TARGET_NAME)";
				TEST_TARGET_NAME = classQuest;
			};
			name = Release;
		};
/* End XCBuildConfiguration section */

/* Begin XCConfigurationList section */
		193B6D001D4D7D4300B49FAF /* Build configuration list for PBXProject "classQuest" */ = {
			isa = XCConfigurationList;
			buildConfigurations = (
				193B6D2B1D4D7D4300B49FAF /* Debug */,
				193B6D2C1D4D7D4300B49FAF /* Release */,
			);
			defaultConfigurationIsVisible = 0;
			defaultConfigurationName = Release;
		};
		193B6D2D1D4D7D4300B49FAF /* Build configuration list for PBXNativeTarget "classQuest" */ = {
			isa = XCConfigurationList;
			buildConfigurations = (
				193B6D2E1D4D7D4300B49FAF /* Debug */,
				193B6D2F1D4D7D4300B49FAF /* Release */,
			);
			defaultConfigurationIsVisible = 0;
			defaultConfigurationName = Release;
		};
		193B6D301D4D7D4300B49FAF /* Build configuration list for PBXNativeTarget "classQuestTests" */ = {
			isa = XCConfigurationList;
			buildConfigurations = (
				193B6D311D4D7D4300B49FAF /* Debug */,
				193B6D321D4D7D4300B49FAF /* Release */,
			);
			defaultConfigurationIsVisible = 0;
			defaultConfigurationName = Release;
		};
		193B6D331D4D7D4300B49FAF /* Build configuration list for PBXNativeTarget "classQuestUITests" */ = {
			isa = XCConfigurationList;
			buildConfigurations = (
				193B6D341D4D7D4300B49FAF /* Debug */,
				193B6D351D4D7D4300B49FAF /* Release */,
			);
			defaultConfigurationIsVisible = 0;
			defaultConfigurationName = Release;
		};
/* End XCConfigurationList section */
	};
	rootObject = 193B6CFD1D4D7D4300B49FAF /* Project object */;
}
