// !$*UTF8*$!
{
	archiveVersion = 1;
	classes = {
	};
	objectVersion = 46;
	objects = {

/* Begin PBXBuildFile section */
		19FA5F331DA62AE00045A910 /* AppDelegate.swift in Sources */ = {isa = PBXBuildFile; fileRef = 19FA5F321DA62AE00045A910 /* AppDelegate.swift */; };
		19FA5F381DA62AE00045A910 /* Main.storyboard in Resources */ = {isa = PBXBuildFile; fileRef = 19FA5F361DA62AE00045A910 /* Main.storyboard */; };
		19FA5F3A1DA62AE00045A910 /* Assets.xcassets in Resources */ = {isa = PBXBuildFile; fileRef = 19FA5F391DA62AE00045A910 /* Assets.xcassets */; };
		19FA5F3D1DA62AE00045A910 /* LaunchScreen.storyboard in Resources */ = {isa = PBXBuildFile; fileRef = 19FA5F3B1DA62AE00045A910 /* LaunchScreen.storyboard */; };
		19FA5F481DA62AE00045A910 /* ClassQuestTests.swift in Sources */ = {isa = PBXBuildFile; fileRef = 19FA5F471DA62AE00045A910 /* ClassQuestTests.swift */; };
		19FA5F531DA62AE00045A910 /* ClassQuestUITests.swift in Sources */ = {isa = PBXBuildFile; fileRef = 19FA5F521DA62AE00045A910 /* ClassQuestUITests.swift */; };
		19FA5F611DA62B030045A910 /* Data.plist in Resources */ = {isa = PBXBuildFile; fileRef = 19FA5F601DA62B030045A910 /* Data.plist */; };
		19FA5F631DA62B1D0045A910 /* SearchPage.swift in Sources */ = {isa = PBXBuildFile; fileRef = 19FA5F621DA62B1D0045A910 /* SearchPage.swift */; };
		19FA5F651DA62B2E0045A910 /* MapPage.swift in Sources */ = {isa = PBXBuildFile; fileRef = 19FA5F641DA62B2E0045A910 /* MapPage.swift */; };
		74EEC46621C92D793B08AB7F /* Pods_ClassQuestTests.framework in Frameworks */ = {isa = PBXBuildFile; fileRef = 6939A8CA14F46DD48C15624E /* Pods_ClassQuestTests.framework */; };
		A959E36B6FFFB23840268F4C /* Pods_ClassQuest.framework in Frameworks */ = {isa = PBXBuildFile; fileRef = 52C13A383D2A62E45DF7BE5A /* Pods_ClassQuest.framework */; };
		DB13412C4779EC6B93E32512 /* Pods_ClassQuestUITests.framework in Frameworks */ = {isa = PBXBuildFile; fileRef = F35DC32CA62BBE7AE06E49A9 /* Pods_ClassQuestUITests.framework */; };
/* End PBXBuildFile section */

/* Begin PBXContainerItemProxy section */
		19FA5F441DA62AE00045A910 /* PBXContainerItemProxy */ = {
			isa = PBXContainerItemProxy;
			containerPortal = 19FA5F271DA62AE00045A910 /* Project object */;
			proxyType = 1;
			remoteGlobalIDString = 19FA5F2E1DA62AE00045A910;
			remoteInfo = ClassQuest;
		};
		19FA5F4F1DA62AE00045A910 /* PBXContainerItemProxy */ = {
			isa = PBXContainerItemProxy;
			containerPortal = 19FA5F271DA62AE00045A910 /* Project object */;
			proxyType = 1;
			remoteGlobalIDString = 19FA5F2E1DA62AE00045A910;
			remoteInfo = ClassQuest;
		};
/* End PBXContainerItemProxy section */

/* Begin PBXFileReference section */
		18DE42A9D1AA47D31884F3CC /* Pods-ClassQuestTests.debug.xcconfig */ = {isa = PBXFileReference; includeInIndex = 1; lastKnownFileType = text.xcconfig; name = "Pods-ClassQuestTests.debug.xcconfig"; path = "Pods/Target Support Files/Pods-ClassQuestTests/Pods-ClassQuestTests.debug.xcconfig"; sourceTree = "<group>"; };
		19FA5F2F1DA62AE00045A910 /* ClassQuest.app */ = {isa = PBXFileReference; explicitFileType = wrapper.application; includeInIndex = 0; path = ClassQuest.app; sourceTree = BUILT_PRODUCTS_DIR; };
		19FA5F321DA62AE00045A910 /* AppDelegate.swift */ = {isa = PBXFileReference; lastKnownFileType = sourcecode.swift; path = AppDelegate.swift; sourceTree = "<group>"; };
		19FA5F371DA62AE00045A910 /* Base */ = {isa = PBXFileReference; lastKnownFileType = file.storyboard; name = Base; path = Base.lproj/Main.storyboard; sourceTree = "<group>"; };
		19FA5F391DA62AE00045A910 /* Assets.xcassets */ = {isa = PBXFileReference; lastKnownFileType = folder.assetcatalog; path = Assets.xcassets; sourceTree = "<group>"; };
		19FA5F3C1DA62AE00045A910 /* Base */ = {isa = PBXFileReference; lastKnownFileType = file.storyboard; name = Base; path = Base.lproj/LaunchScreen.storyboard; sourceTree = "<group>"; };
		19FA5F3E1DA62AE00045A910 /* Info.plist */ = {isa = PBXFileReference; lastKnownFileType = text.plist.xml; path = Info.plist; sourceTree = "<group>"; };
		19FA5F431DA62AE00045A910 /* ClassQuestTests.xctest */ = {isa = PBXFileReference; explicitFileType = wrapper.cfbundle; includeInIndex = 0; path = ClassQuestTests.xctest; sourceTree = BUILT_PRODUCTS_DIR; };
		19FA5F471DA62AE00045A910 /* ClassQuestTests.swift */ = {isa = PBXFileReference; lastKnownFileType = sourcecode.swift; path = ClassQuestTests.swift; sourceTree = "<group>"; };
		19FA5F491DA62AE00045A910 /* Info.plist */ = {isa = PBXFileReference; lastKnownFileType = text.plist.xml; path = Info.plist; sourceTree = "<group>"; };
		19FA5F4E1DA62AE00045A910 /* ClassQuestUITests.xctest */ = {isa = PBXFileReference; explicitFileType = wrapper.cfbundle; includeInIndex = 0; path = ClassQuestUITests.xctest; sourceTree = BUILT_PRODUCTS_DIR; };
		19FA5F521DA62AE00045A910 /* ClassQuestUITests.swift */ = {isa = PBXFileReference; lastKnownFileType = sourcecode.swift; path = ClassQuestUITests.swift; sourceTree = "<group>"; };
		19FA5F541DA62AE00045A910 /* Info.plist */ = {isa = PBXFileReference; lastKnownFileType = text.plist.xml; path = Info.plist; sourceTree = "<group>"; };
		19FA5F601DA62B030045A910 /* Data.plist */ = {isa = PBXFileReference; fileEncoding = 4; lastKnownFileType = text.plist.xml; path = Data.plist; sourceTree = "<group>"; };
		19FA5F621DA62B1D0045A910 /* SearchPage.swift */ = {isa = PBXFileReference; fileEncoding = 4; lastKnownFileType = sourcecode.swift; path = SearchPage.swift; sourceTree = "<group>"; };
		19FA5F641DA62B2E0045A910 /* MapPage.swift */ = {isa = PBXFileReference; fileEncoding = 4; lastKnownFileType = sourcecode.swift; path = MapPage.swift; sourceTree = "<group>"; };
		429EC1FEBF31E8159B1C6FBE /* Pods-ClassQuestUITests.release.xcconfig */ = {isa = PBXFileReference; includeInIndex = 1; lastKnownFileType = text.xcconfig; name = "Pods-ClassQuestUITests.release.xcconfig"; path = "Pods/Target Support Files/Pods-ClassQuestUITests/Pods-ClassQuestUITests.release.xcconfig"; sourceTree = "<group>"; };
		52C13A383D2A62E45DF7BE5A /* Pods_ClassQuest.framework */ = {isa = PBXFileReference; explicitFileType = wrapper.framework; includeInIndex = 0; path = Pods_ClassQuest.framework; sourceTree = BUILT_PRODUCTS_DIR; };
		6939A8CA14F46DD48C15624E /* Pods_ClassQuestTests.framework */ = {isa = PBXFileReference; explicitFileType = wrapper.framework; includeInIndex = 0; path = Pods_ClassQuestTests.framework; sourceTree = BUILT_PRODUCTS_DIR; };
		693F352F543A2F3CF4D14CC9 /* Pods-ClassQuestUITests.debug.xcconfig */ = {isa = PBXFileReference; includeInIndex = 1; lastKnownFileType = text.xcconfig; name = "Pods-ClassQuestUITests.debug.xcconfig"; path = "Pods/Target Support Files/Pods-ClassQuestUITests/Pods-ClassQuestUITests.debug.xcconfig"; sourceTree = "<group>"; };
		6A696B71A38808009AFACA1A /* Pods-ClassQuestTests.release.xcconfig */ = {isa = PBXFileReference; includeInIndex = 1; lastKnownFileType = text.xcconfig; name = "Pods-ClassQuestTests.release.xcconfig"; path = "Pods/Target Support Files/Pods-ClassQuestTests/Pods-ClassQuestTests.release.xcconfig"; sourceTree = "<group>"; };
		C1695F4E9A5D9A032B210EE3 /* Pods-ClassQuest.debug.xcconfig */ = {isa = PBXFileReference; includeInIndex = 1; lastKnownFileType = text.xcconfig; name = "Pods-ClassQuest.debug.xcconfig"; path = "Pods/Target Support Files/Pods-ClassQuest/Pods-ClassQuest.debug.xcconfig"; sourceTree = "<group>"; };
		E8AB1566DBE89550C1A655D9 /* Pods-ClassQuest.release.xcconfig */ = {isa = PBXFileReference; includeInIndex = 1; lastKnownFileType = text.xcconfig; name = "Pods-ClassQuest.release.xcconfig"; path = "Pods/Target Support Files/Pods-ClassQuest/Pods-ClassQuest.release.xcconfig"; sourceTree = "<group>"; };
		F35DC32CA62BBE7AE06E49A9 /* Pods_ClassQuestUITests.framework */ = {isa = PBXFileReference; explicitFileType = wrapper.framework; includeInIndex = 0; path = Pods_ClassQuestUITests.framework; sourceTree = BUILT_PRODUCTS_DIR; };
/* End PBXFileReference section */

/* Begin PBXFrameworksBuildPhase section */
		19FA5F2C1DA62AE00045A910 /* Frameworks */ = {
			isa = PBXFrameworksBuildPhase;
			buildActionMask = 2147483647;
			files = (
				A959E36B6FFFB23840268F4C /* Pods_ClassQuest.framework in Frameworks */,
			);
			runOnlyForDeploymentPostprocessing = 0;
		};
		19FA5F401DA62AE00045A910 /* Frameworks */ = {
			isa = PBXFrameworksBuildPhase;
			buildActionMask = 2147483647;
			files = (
				74EEC46621C92D793B08AB7F /* Pods_ClassQuestTests.framework in Frameworks */,
			);
			runOnlyForDeploymentPostprocessing = 0;
		};
		19FA5F4B1DA62AE00045A910 /* Frameworks */ = {
			isa = PBXFrameworksBuildPhase;
			buildActionMask = 2147483647;
			files = (
				DB13412C4779EC6B93E32512 /* Pods_ClassQuestUITests.framework in Frameworks */,
			);
			runOnlyForDeploymentPostprocessing = 0;
		};
/* End PBXFrameworksBuildPhase section */

/* Begin PBXGroup section */
		00AF0698403982DA94C15910 /* Frameworks */ = {
			isa = PBXGroup;
			children = (
				52C13A383D2A62E45DF7BE5A /* Pods_ClassQuest.framework */,
				6939A8CA14F46DD48C15624E /* Pods_ClassQuestTests.framework */,
				F35DC32CA62BBE7AE06E49A9 /* Pods_ClassQuestUITests.framework */,
			);
			name = Frameworks;
			sourceTree = "<group>";
		};
		19FA5F261DA62AE00045A910 = {
			isa = PBXGroup;
			children = (
				19FA5F311DA62AE00045A910 /* ClassQuest */,
				19FA5F461DA62AE00045A910 /* ClassQuestTests */,
				19FA5F511DA62AE00045A910 /* ClassQuestUITests */,
				19FA5F301DA62AE00045A910 /* Products */,
				54DDEB3A80923EAA5E7B8206 /* Pods */,
				00AF0698403982DA94C15910 /* Frameworks */,
			);
			sourceTree = "<group>";
		};
		19FA5F301DA62AE00045A910 /* Products */ = {
			isa = PBXGroup;
			children = (
				19FA5F2F1DA62AE00045A910 /* ClassQuest.app */,
				19FA5F431DA62AE00045A910 /* ClassQuestTests.xctest */,
				19FA5F4E1DA62AE00045A910 /* ClassQuestUITests.xctest */,
			);
			name = Products;
			sourceTree = "<group>";
		};
		19FA5F311DA62AE00045A910 /* ClassQuest */ = {
			isa = PBXGroup;
			children = (
				19FA5F321DA62AE00045A910 /* AppDelegate.swift */,
				19FA5F621DA62B1D0045A910 /* SearchPage.swift */,
				19FA5F641DA62B2E0045A910 /* MapPage.swift */,
				19FA5F361DA62AE00045A910 /* Main.storyboard */,
				19FA5F391DA62AE00045A910 /* Assets.xcassets */,
				19FA5F3B1DA62AE00045A910 /* LaunchScreen.storyboard */,
				19FA5F3E1DA62AE00045A910 /* Info.plist */,
				19FA5F601DA62B030045A910 /* Data.plist */,
			);
			path = ClassQuest;
			sourceTree = "<group>";
		};
		19FA5F461DA62AE00045A910 /* ClassQuestTests */ = {
			isa = PBXGroup;
			children = (
				19FA5F471DA62AE00045A910 /* ClassQuestTests.swift */,
				19FA5F491DA62AE00045A910 /* Info.plist */,
			);
			path = ClassQuestTests;
			sourceTree = "<group>";
		};
		19FA5F511DA62AE00045A910 /* ClassQuestUITests */ = {
			isa = PBXGroup;
			children = (
				19FA5F521DA62AE00045A910 /* ClassQuestUITests.swift */,
				19FA5F541DA62AE00045A910 /* Info.plist */,
			);
			path = ClassQuestUITests;
			sourceTree = "<group>";
		};
		54DDEB3A80923EAA5E7B8206 /* Pods */ = {
			isa = PBXGroup;
			children = (
				C1695F4E9A5D9A032B210EE3 /* Pods-ClassQuest.debug.xcconfig */,
				E8AB1566DBE89550C1A655D9 /* Pods-ClassQuest.release.xcconfig */,
				18DE42A9D1AA47D31884F3CC /* Pods-ClassQuestTests.debug.xcconfig */,
				6A696B71A38808009AFACA1A /* Pods-ClassQuestTests.release.xcconfig */,
				693F352F543A2F3CF4D14CC9 /* Pods-ClassQuestUITests.debug.xcconfig */,
				429EC1FEBF31E8159B1C6FBE /* Pods-ClassQuestUITests.release.xcconfig */,
			);
			name = Pods;
			sourceTree = "<group>";
		};
/* End PBXGroup section */

/* Begin PBXNativeTarget section */
		19FA5F2E1DA62AE00045A910 /* ClassQuest */ = {
			isa = PBXNativeTarget;
			buildConfigurationList = 19FA5F571DA62AE00045A910 /* Build configuration list for PBXNativeTarget "ClassQuest" */;
			buildPhases = (
				E34385CAB734BB3F0977E279 /* [CP] Check Pods Manifest.lock */,
				19FA5F2B1DA62AE00045A910 /* Sources */,
				19FA5F2C1DA62AE00045A910 /* Frameworks */,
				19FA5F2D1DA62AE00045A910 /* Resources */,
				27ED8F9856ADB41BBCA57B3E /* [CP] Embed Pods Frameworks */,
				89CBEEB6832AA455C259F4E9 /* [CP] Copy Pods Resources */,
			);
			buildRules = (
			);
			dependencies = (
			);
			name = ClassQuest;
			productName = ClassQuest;
			productReference = 19FA5F2F1DA62AE00045A910 /* ClassQuest.app */;
			productType = "com.apple.product-type.application";
		};
		19FA5F421DA62AE00045A910 /* ClassQuestTests */ = {
			isa = PBXNativeTarget;
			buildConfigurationList = 19FA5F5A1DA62AE00045A910 /* Build configuration list for PBXNativeTarget "ClassQuestTests" */;
			buildPhases = (
				38DB815A84161478B6FEFFC1 /* [CP] Check Pods Manifest.lock */,
				19FA5F3F1DA62AE00045A910 /* Sources */,
				19FA5F401DA62AE00045A910 /* Frameworks */,
				19FA5F411DA62AE00045A910 /* Resources */,
				A422690D0C0EED180EFF0EEF /* [CP] Embed Pods Frameworks */,
				A17D8CDC8FF3071EAD73DE7A /* [CP] Copy Pods Resources */,
			);
			buildRules = (
			);
			dependencies = (
				19FA5F451DA62AE00045A910 /* PBXTargetDependency */,
			);
			name = ClassQuestTests;
			productName = ClassQuestTests;
			productReference = 19FA5F431DA62AE00045A910 /* ClassQuestTests.xctest */;
			productType = "com.apple.product-type.bundle.unit-test";
		};
		19FA5F4D1DA62AE00045A910 /* ClassQuestUITests */ = {
			isa = PBXNativeTarget;
			buildConfigurationList = 19FA5F5D1DA62AE00045A910 /* Build configuration list for PBXNativeTarget "ClassQuestUITests" */;
			buildPhases = (
				572A96B0897B9D5DA7C059D3 /* [CP] Check Pods Manifest.lock */,
				19FA5F4A1DA62AE00045A910 /* Sources */,
				19FA5F4B1DA62AE00045A910 /* Frameworks */,
				19FA5F4C1DA62AE00045A910 /* Resources */,
				590EFB68BA15960EF4CB1B81 /* [CP] Copy Pods Resources */,
			);
			buildRules = (
			);
			dependencies = (
				19FA5F501DA62AE00045A910 /* PBXTargetDependency */,
			);
			name = ClassQuestUITests;
			productName = ClassQuestUITests;
			productReference = 19FA5F4E1DA62AE00045A910 /* ClassQuestUITests.xctest */;
			productType = "com.apple.product-type.bundle.ui-testing";
		};
/* End PBXNativeTarget section */

/* Begin PBXProject section */
		19FA5F271DA62AE00045A910 /* Project object */ = {
			isa = PBXProject;
			attributes = {
				LastSwiftUpdateCheck = 0730;
				LastUpgradeCheck = 0730;
				ORGANIZATIONNAME = Zena;
				TargetAttributes = {
					19FA5F2E1DA62AE00045A910 = {
						CreatedOnToolsVersion = 7.3.1;
					};
					19FA5F421DA62AE00045A910 = {
						CreatedOnToolsVersion = 7.3.1;
						TestTargetID = 19FA5F2E1DA62AE00045A910;
					};
					19FA5F4D1DA62AE00045A910 = {
						CreatedOnToolsVersion = 7.3.1;
						TestTargetID = 19FA5F2E1DA62AE00045A910;
					};
				};
			};
			buildConfigurationList = 19FA5F2A1DA62AE00045A910 /* Build configuration list for PBXProject "ClassQuest" */;
			compatibilityVersion = "Xcode 3.2";
			developmentRegion = English;
			hasScannedForEncodings = 0;
			knownRegions = (
				en,
				Base,
			);
			mainGroup = 19FA5F261DA62AE00045A910;
			productRefGroup = 19FA5F301DA62AE00045A910 /* Products */;
			projectDirPath = "";
			projectRoot = "";
			targets = (
				19FA5F2E1DA62AE00045A910 /* ClassQuest */,
				19FA5F421DA62AE00045A910 /* ClassQuestTests */,
				19FA5F4D1DA62AE00045A910 /* ClassQuestUITests */,
			);
		};
/* End PBXProject section */

/* Begin PBXResourcesBuildPhase section */
		19FA5F2D1DA62AE00045A910 /* Resources */ = {
			isa = PBXResourcesBuildPhase;
			buildActionMask = 2147483647;
			files = (
				19FA5F3D1DA62AE00045A910 /* LaunchScreen.storyboard in Resources */,
				19FA5F3A1DA62AE00045A910 /* Assets.xcassets in Resources */,
				19FA5F611DA62B030045A910 /* Data.plist in Resources */,
				19FA5F381DA62AE00045A910 /* Main.storyboard in Resources */,
			);
			runOnlyForDeploymentPostprocessing = 0;
		};
		19FA5F411DA62AE00045A910 /* Resources */ = {
			isa = PBXResourcesBuildPhase;
			buildActionMask = 2147483647;
			files = (
			);
			runOnlyForDeploymentPostprocessing = 0;
		};
		19FA5F4C1DA62AE00045A910 /* Resources */ = {
			isa = PBXResourcesBuildPhase;
			buildActionMask = 2147483647;
			files = (
			);
			runOnlyForDeploymentPostprocessing = 0;
		};
/* End PBXResourcesBuildPhase section */

/* Begin PBXShellScriptBuildPhase section */
		27ED8F9856ADB41BBCA57B3E /* [CP] Embed Pods Frameworks */ = {
			isa = PBXShellScriptBuildPhase;
			buildActionMask = 2147483647;
			files = (
			);
			inputPaths = (
			);
			name = "[CP] Embed Pods Frameworks";
			outputPaths = (
			);
			runOnlyForDeploymentPostprocessing = 0;
			shellPath = /bin/sh;
			shellScript = "\"${SRCROOT}/Pods/Target Support Files/Pods-ClassQuest/Pods-ClassQuest-frameworks.sh\"\n";
			showEnvVarsInLog = 0;
		};
		38DB815A84161478B6FEFFC1 /* [CP] Check Pods Manifest.lock */ = {
			isa = PBXShellScriptBuildPhase;
			buildActionMask = 2147483647;
			files = (
			);
			inputPaths = (
			);
			name = "[CP] Check Pods Manifest.lock";
			outputPaths = (
			);
			runOnlyForDeploymentPostprocessing = 0;
			shellPath = /bin/sh;
			shellScript = "diff \"${PODS_ROOT}/../Podfile.lock\" \"${PODS_ROOT}/Manifest.lock\" > /dev/null\nif [[ $? != 0 ]] ; then\n    cat << EOM\nerror: The sandbox is not in sync with the Podfile.lock. Run 'pod install' or update your CocoaPods installation.\nEOM\n    exit 1\nfi\n";
			showEnvVarsInLog = 0;
		};
		572A96B0897B9D5DA7C059D3 /* [CP] Check Pods Manifest.lock */ = {
			isa = PBXShellScriptBuildPhase;
			buildActionMask = 2147483647;
			files = (
			);
			inputPaths = (
			);
			name = "[CP] Check Pods Manifest.lock";
			outputPaths = (
			);
			runOnlyForDeploymentPostprocessing = 0;
			shellPath = /bin/sh;
			shellScript = "diff \"${PODS_ROOT}/../Podfile.lock\" \"${PODS_ROOT}/Manifest.lock\" > /dev/null\nif [[ $? != 0 ]] ; then\n    cat << EOM\nerror: The sandbox is not in sync with the Podfile.lock. Run 'pod install' or update your CocoaPods installation.\nEOM\n    exit 1\nfi\n";
			showEnvVarsInLog = 0;
		};
		590EFB68BA15960EF4CB1B81 /* [CP] Copy Pods Resources */ = {
			isa = PBXShellScriptBuildPhase;
			buildActionMask = 2147483647;
			files = (
			);
			inputPaths = (
			);
			name = "[CP] Copy Pods Resources";
			outputPaths = (
			);
			runOnlyForDeploymentPostprocessing = 0;
			shellPath = /bin/sh;
			shellScript = "\"${SRCROOT}/Pods/Target Support Files/Pods-ClassQuestUITests/Pods-ClassQuestUITests-resources.sh\"\n";
			showEnvVarsInLog = 0;
		};
		89CBEEB6832AA455C259F4E9 /* [CP] Copy Pods Resources */ = {
			isa = PBXShellScriptBuildPhase;
			buildActionMask = 2147483647;
			files = (
			);
			inputPaths = (
			);
			name = "[CP] Copy Pods Resources";
			outputPaths = (
			);
			runOnlyForDeploymentPostprocessing = 0;
			shellPath = /bin/sh;
			shellScript = "\"${SRCROOT}/Pods/Target Support Files/Pods-ClassQuest/Pods-ClassQuest-resources.sh\"\n";
			showEnvVarsInLog = 0;
		};
		A17D8CDC8FF3071EAD73DE7A /* [CP] Copy Pods Resources */ = {
			isa = PBXShellScriptBuildPhase;
			buildActionMask = 2147483647;
			files = (
			);
			inputPaths = (
			);
			name = "[CP] Copy Pods Resources";
			outputPaths = (
			);
			runOnlyForDeploymentPostprocessing = 0;
			shellPath = /bin/sh;
			shellScript = "\"${SRCROOT}/Pods/Target Support Files/Pods-ClassQuestTests/Pods-ClassQuestTests-resources.sh\"\n";
			showEnvVarsInLog = 0;
		};
		A422690D0C0EED180EFF0EEF /* [CP] Embed Pods Frameworks */ = {
			isa = PBXShellScriptBuildPhase;
			buildActionMask = 2147483647;
			files = (
			);
			inputPaths = (
			);
			name = "[CP] Embed Pods Frameworks";
			outputPaths = (
			);
			runOnlyForDeploymentPostprocessing = 0;
			shellPath = /bin/sh;
			shellScript = "\"${SRCROOT}/Pods/Target Support Files/Pods-ClassQuestTests/Pods-ClassQuestTests-frameworks.sh\"\n";
			showEnvVarsInLog = 0;
		};
		E34385CAB734BB3F0977E279 /* [CP] Check Pods Manifest.lock */ = {
			isa = PBXShellScriptBuildPhase;
			buildActionMask = 2147483647;
			files = (
			);
			inputPaths = (
			);
			name = "[CP] Check Pods Manifest.lock";
			outputPaths = (
			);
			runOnlyForDeploymentPostprocessing = 0;
			shellPath = /bin/sh;
			shellScript = "diff \"${PODS_ROOT}/../Podfile.lock\" \"${PODS_ROOT}/Manifest.lock\" > /dev/null\nif [[ $? != 0 ]] ; then\n    cat << EOM\nerror: The sandbox is not in sync with the Podfile.lock. Run 'pod install' or update your CocoaPods installation.\nEOM\n    exit 1\nfi\n";
			showEnvVarsInLog = 0;
		};
/* End PBXShellScriptBuildPhase section */

/* Begin PBXSourcesBuildPhase section */
		19FA5F2B1DA62AE00045A910 /* Sources */ = {
			isa = PBXSourcesBuildPhase;
			buildActionMask = 2147483647;
			files = (
				19FA5F331DA62AE00045A910 /* AppDelegate.swift in Sources */,
				19FA5F631DA62B1D0045A910 /* SearchPage.swift in Sources */,
				19FA5F651DA62B2E0045A910 /* MapPage.swift in Sources */,
			);
			runOnlyForDeploymentPostprocessing = 0;
		};
		19FA5F3F1DA62AE00045A910 /* Sources */ = {
			isa = PBXSourcesBuildPhase;
			buildActionMask = 2147483647;
			files = (
				19FA5F481DA62AE00045A910 /* ClassQuestTests.swift in Sources */,
			);
			runOnlyForDeploymentPostprocessing = 0;
		};
		19FA5F4A1DA62AE00045A910 /* Sources */ = {
			isa = PBXSourcesBuildPhase;
			buildActionMask = 2147483647;
			files = (
				19FA5F531DA62AE00045A910 /* ClassQuestUITests.swift in Sources */,
			);
			runOnlyForDeploymentPostprocessing = 0;
		};
/* End PBXSourcesBuildPhase section */

/* Begin PBXTargetDependency section */
		19FA5F451DA62AE00045A910 /* PBXTargetDependency */ = {
			isa = PBXTargetDependency;
			target = 19FA5F2E1DA62AE00045A910 /* ClassQuest */;
			targetProxy = 19FA5F441DA62AE00045A910 /* PBXContainerItemProxy */;
		};
		19FA5F501DA62AE00045A910 /* PBXTargetDependency */ = {
			isa = PBXTargetDependency;
			target = 19FA5F2E1DA62AE00045A910 /* ClassQuest */;
			targetProxy = 19FA5F4F1DA62AE00045A910 /* PBXContainerItemProxy */;
		};
/* End PBXTargetDependency section */

/* Begin PBXVariantGroup section */
		19FA5F361DA62AE00045A910 /* Main.storyboard */ = {
			isa = PBXVariantGroup;
			children = (
				19FA5F371DA62AE00045A910 /* Base */,
			);
			name = Main.storyboard;
			sourceTree = "<group>";
		};
		19FA5F3B1DA62AE00045A910 /* LaunchScreen.storyboard */ = {
			isa = PBXVariantGroup;
			children = (
				19FA5F3C1DA62AE00045A910 /* Base */,
			);
			name = LaunchScreen.storyboard;
			sourceTree = "<group>";
		};
/* End PBXVariantGroup section */

/* Begin XCBuildConfiguration section */
		19FA5F551DA62AE00045A910 /* Debug */ = {
			isa = XCBuildConfiguration;
			buildSettings = {
				ALWAYS_SEARCH_USER_PATHS = NO;
				CLANG_ANALYZER_NONNULL = YES;
				CLANG_CXX_LANGUAGE_STANDARD = "gnu++0x";
				CLANG_CXX_LIBRARY = "libc++";
				CLANG_ENABLE_MODULES = YES;
				CLANG_ENABLE_OBJC_ARC = YES;
				CLANG_WARN_BOOL_CONVERSION = YES;
				CLANG_WARN_CONSTANT_CONVERSION = YES;
				CLANG_WARN_DIRECT_OBJC_ISA_USAGE = YES_ERROR;
				CLANG_WARN_EMPTY_BODY = YES;
				CLANG_WARN_ENUM_CONVERSION = YES;
				CLANG_WARN_INT_CONVERSION = YES;
				CLANG_WARN_OBJC_ROOT_CLASS = YES_ERROR;
				CLANG_WARN_UNREACHABLE_CODE = YES;
				CLANG_WARN__DUPLICATE_METHOD_MATCH = YES;
				"CODE_SIGN_IDENTITY[sdk=iphoneos*]" = "iPhone Developer";
				COPY_PHASE_STRIP = NO;
				DEBUG_INFORMATION_FORMAT = dwarf;
				ENABLE_STRICT_OBJC_MSGSEND = YES;
				ENABLE_TESTABILITY = YES;
				GCC_C_LANGUAGE_STANDARD = gnu99;
				GCC_DYNAMIC_NO_PIC = NO;
				GCC_NO_COMMON_BLOCKS = YES;
				GCC_OPTIMIZATION_LEVEL = 0;
				GCC_PREPROCESSOR_DEFINITIONS = (
					"DEBUG=1",
					"$(inherited)",
				);
				GCC_WARN_64_TO_32_BIT_CONVERSION = YES;
				GCC_WARN_ABOUT_RETURN_TYPE = YES_ERROR;
				GCC_WARN_UNDECLARED_SELECTOR = YES;
				GCC_WARN_UNINITIALIZED_AUTOS = YES_AGGRESSIVE;
				GCC_WARN_UNUSED_FUNCTION = YES;
				GCC_WARN_UNUSED_VARIABLE = YES;
				IPHONEOS_DEPLOYMENT_TARGET = 9.3;
				MTL_ENABLE_DEBUG_INFO = YES;
				ONLY_ACTIVE_ARCH = YES;
				SDKROOT = iphoneos;
				SWIFT_OPTIMIZATION_LEVEL = "-Onone";
				TARGETED_DEVICE_FAMILY = "1,2";
			};
			name = Debug;
		};
		19FA5F561DA62AE00045A910 /* Release */ = {
			isa = XCBuildConfiguration;
			buildSettings = {
				ALWAYS_SEARCH_USER_PATHS = NO;
				CLANG_ANALYZER_NONNULL = YES;
				CLANG_CXX_LANGUAGE_STANDARD = "gnu++0x";
				CLANG_CXX_LIBRARY = "libc++";
				CLANG_ENABLE_MODULES = YES;
				CLANG_ENABLE_OBJC_ARC = YES;
				CLANG_WARN_BOOL_CONVERSION = YES;
				CLANG_WARN_CONSTANT_CONVERSION = YES;
				CLANG_WARN_DIRECT_OBJC_ISA_USAGE = YES_ERROR;
				CLANG_WARN_EMPTY_BODY = YES;
				CLANG_WARN_ENUM_CONVERSION = YES;
				CLANG_WARN_INT_CONVERSION = YES;
				CLANG_WARN_OBJC_ROOT_CLASS = YES_ERROR;
				CLANG_WARN_UNREACHABLE_CODE = YES;
				CLANG_WARN__DUPLICATE_METHOD_MATCH = YES;
				"CODE_SIGN_IDENTITY[sdk=iphoneos*]" = "iPhone Developer";
				COPY_PHASE_STRIP = NO;
				DEBUG_INFORMATION_FORMAT = "dwarf-with-dsym";
				ENABLE_NS_ASSERTIONS = NO;
				ENABLE_STRICT_OBJC_MSGSEND = YES;
				GCC_C_LANGUAGE_STANDARD = gnu99;
				GCC_NO_COMMON_BLOCKS = YES;
				GCC_WARN_64_TO_32_BIT_CONVERSION = YES;
				GCC_WARN_ABOUT_RETURN_TYPE = YES_ERROR;
				GCC_WARN_UNDECLARED_SELECTOR = YES;
				GCC_WARN_UNINITIALIZED_AUTOS = YES_AGGRESSIVE;
				GCC_WARN_UNUSED_FUNCTION = YES;
				GCC_WARN_UNUSED_VARIABLE = YES;
				IPHONEOS_DEPLOYMENT_TARGET = 9.3;
				MTL_ENABLE_DEBUG_INFO = NO;
				SDKROOT = iphoneos;
				TARGETED_DEVICE_FAMILY = "1,2";
				VALIDATE_PRODUCT = YES;
			};
			name = Release;
		};
		19FA5F581DA62AE00045A910 /* Debug */ = {
			isa = XCBuildConfiguration;
			baseConfigurationReference = C1695F4E9A5D9A032B210EE3 /* Pods-ClassQuest.debug.xcconfig */;
			buildSettings = {
				ASSETCATALOG_COMPILER_APPICON_NAME = AppIcon;
				INFOPLIST_FILE = ClassQuest/Info.plist;
				LD_RUNPATH_SEARCH_PATHS = "$(inherited) @executable_path/Frameworks";
				PRODUCT_BUNDLE_IDENTIFIER = com.zenapotts.classQuest.ClassQuest;
				PRODUCT_NAME = "$(TARGET_NAME)";
			};
			name = Debug;
		};
		19FA5F591DA62AE00045A910 /* Release */ = {
			isa = XCBuildConfiguration;
			baseConfigurationReference = E8AB1566DBE89550C1A655D9 /* Pods-ClassQuest.release.xcconfig */;
			buildSettings = {
				ASSETCATALOG_COMPILER_APPICON_NAME = AppIcon;
				INFOPLIST_FILE = ClassQuest/Info.plist;
				LD_RUNPATH_SEARCH_PATHS = "$(inherited) @executable_path/Frameworks";
				PRODUCT_BUNDLE_IDENTIFIER = com.zenapotts.classQuest.ClassQuest;
				PRODUCT_NAME = "$(TARGET_NAME)";
			};
			name = Release;
		};
		19FA5F5B1DA62AE00045A910 /* Debug */ = {
			isa = XCBuildConfiguration;
			baseConfigurationReference = 18DE42A9D1AA47D31884F3CC /* Pods-ClassQuestTests.debug.xcconfig */;
			buildSettings = {
				BUNDLE_LOADER = "$(TEST_HOST)";
				INFOPLIST_FILE = ClassQuestTests/Info.plist;
				LD_RUNPATH_SEARCH_PATHS = "$(inherited) @executable_path/Frameworks @loader_path/Frameworks";
				PRODUCT_BUNDLE_IDENTIFIER = com.zenapotts.classQuest.ClassQuestTests;
				PRODUCT_NAME = "$(TARGET_NAME)";
				TEST_HOST = "$(BUILT_PRODUCTS_DIR)/ClassQuest.app/ClassQuest";
			};
			name = Debug;
		};
		19FA5F5C1DA62AE00045A910 /* Release */ = {
			isa = XCBuildConfiguration;
			baseConfigurationReference = 6A696B71A38808009AFACA1A /* Pods-ClassQuestTests.release.xcconfig */;
			buildSettings = {
				BUNDLE_LOADER = "$(TEST_HOST)";
				INFOPLIST_FILE = ClassQuestTests/Info.plist;
				LD_RUNPATH_SEARCH_PATHS = "$(inherited) @executable_path/Frameworks @loader_path/Frameworks";
				PRODUCT_BUNDLE_IDENTIFIER = com.zenapotts.classQuest.ClassQuestTests;
				PRODUCT_NAME = "$(TARGET_NAME)";
				TEST_HOST = "$(BUILT_PRODUCTS_DIR)/ClassQuest.app/ClassQuest";
			};
			name = Release;
		};
		19FA5F5E1DA62AE00045A910 /* Debug */ = {
			isa = XCBuildConfiguration;
			baseConfigurationReference = 693F352F543A2F3CF4D14CC9 /* Pods-ClassQuestUITests.debug.xcconfig */;
			buildSettings = {
				INFOPLIST_FILE = ClassQuestUITests/Info.plist;
				LD_RUNPATH_SEARCH_PATHS = "$(inherited) @executable_path/Frameworks @loader_path/Frameworks";
				PRODUCT_BUNDLE_IDENTIFIER = com.zenapotts.classQuest.ClassQuestUITests;
				PRODUCT_NAME = "$(TARGET_NAME)";
				TEST_TARGET_NAME = ClassQuest;
			};
			name = Debug;
		};
		19FA5F5F1DA62AE00045A910 /* Release */ = {
			isa = XCBuildConfiguration;
			baseConfigurationReference = 429EC1FEBF31E8159B1C6FBE /* Pods-ClassQuestUITests.release.xcconfig */;
			buildSettings = {
				INFOPLIST_FILE = ClassQuestUITests/Info.plist;
				LD_RUNPATH_SEARCH_PATHS = "$(inherited) @executable_path/Frameworks @loader_path/Frameworks";
				PRODUCT_BUNDLE_IDENTIFIER = com.zenapotts.classQuest.ClassQuestUITests;
				PRODUCT_NAME = "$(TARGET_NAME)";
				TEST_TARGET_NAME = ClassQuest;
			};
			name = Release;
		};
/* End XCBuildConfiguration section */

/* Begin XCConfigurationList section */
		19FA5F2A1DA62AE00045A910 /* Build configuration list for PBXProject "ClassQuest" */ = {
			isa = XCConfigurationList;
			buildConfigurations = (
				19FA5F551DA62AE00045A910 /* Debug */,
				19FA5F561DA62AE00045A910 /* Release */,
			);
			defaultConfigurationIsVisible = 0;
			defaultConfigurationName = Release;
		};
		19FA5F571DA62AE00045A910 /* Build configuration list for PBXNativeTarget "ClassQuest" */ = {
			isa = XCConfigurationList;
			buildConfigurations = (
				19FA5F581DA62AE00045A910 /* Debug */,
				19FA5F591DA62AE00045A910 /* Release */,
			);
			defaultConfigurationIsVisible = 0;
			defaultConfigurationName = Release;
		};
		19FA5F5A1DA62AE00045A910 /* Build configuration list for PBXNativeTarget "ClassQuestTests" */ = {
			isa = XCConfigurationList;
			buildConfigurations = (
				19FA5F5B1DA62AE00045A910 /* Debug */,
				19FA5F5C1DA62AE00045A910 /* Release */,
			);
			defaultConfigurationIsVisible = 0;
			defaultConfigurationName = Release;
		};
		19FA5F5D1DA62AE00045A910 /* Build configuration list for PBXNativeTarget "ClassQuestUITests" */ = {
			isa = XCConfigurationList;
			buildConfigurations = (
				19FA5F5E1DA62AE00045A910 /* Debug */,
				19FA5F5F1DA62AE00045A910 /* Release */,
			);
			defaultConfigurationIsVisible = 0;
			defaultConfigurationName = Release;
		};
/* End XCConfigurationList section */
	};
	rootObject = 19FA5F271DA62AE00045A910 /* Project object */;
}
